# This file is automatically @generated by Cargo.
# It is not intended for manual editing.
[[package]]
name = "e_to_nth_digit"
version = "0.1.0"

[[package]]
name = "fibonacci_sequence"
version = "0.1.0"

[[package]]
name = "next_prime_number"
version = "0.1.0"

[[package]]
name = "pi_to_nth_digit"
version = "0.1.0"

[[package]]
name = "prime_factorization"
version = "0.1.0"

[[package]]
name = "w_h_floor"
version = "0.1.0"
